
Microsoft Visual Studio Solution File, Format Version 12.00
# Visual Studio Version 16
VisualStudioVersion = 16.0.29306.81
MinimumVisualStudioVersion = 10.0.40219.1
Project("{9A19103F-16F7-4668-BE54-9A1E7A4F7556}") = "Health1", "Health1.csproj", "{0E3A73A9-4615-4B33-BFB5-8655A861F2F9}"
EndProject
Global
	GlobalSection(SolutionConfigurationPlatforms) = preSolution
		Debug|Any CPU = Debug|Any CPU
		Release|Any CPU = Release|Any CPU
	EndGlobalSection
	GlobalSection(ProjectConfigurationPlatforms) = postSolution
		{0E3A73A9-4615-4B33-BFB5-8655A861F2F9}.Debug|Any CPU.ActiveCfg = Debug|Any CPU
		{0E3A73A9-4615-4B33-BFB5-8655A861F2F9}.Debug|Any CPU.Build.0 = Debug|Any CPU
		{0E3A73A9-4615-4B33-BFB5-8655A861F2F9}.Release|Any CPU.ActiveCfg = Release|Any CPU
		{0E3A73A9-4615-4B33-BFB5-8655A861F2F9}.Release|Any CPU.Build.0 = Release|Any CPU
	EndGlobalSection
	GlobalSection(SolutionProperties) = preSolution
		HideSolutionNode = FALSE
	EndGlobalSection
	GlobalSection(ExtensibilityGlobals) = postSolution
		SolutionGuid = {8AED48E9-AD8B-41B7-B5F4-D9449698253F}
	EndGlobalSection
EndGlobal
