
Microsoft Visual Studio Solution File, Format Version 12.00
# Visual Studio Version 16
VisualStudioVersion = 16.0.29306.81
MinimumVisualStudioVersion = 10.0.40219.1
Project("{9A19103F-16F7-4668-BE54-9A1E7A4F7556}") = "Health0", "Health0.csproj", "{A9FC9BBC-EFD6-4F2D-8A01-E93351FFC7AC}"
EndProject
Global
	GlobalSection(SolutionConfigurationPlatforms) = preSolution
		Debug|Any CPU = Debug|Any CPU
		Release|Any CPU = Release|Any CPU
	EndGlobalSection
	GlobalSection(ProjectConfigurationPlatforms) = postSolution
		{A9FC9BBC-EFD6-4F2D-8A01-E93351FFC7AC}.Debug|Any CPU.ActiveCfg = Debug|Any CPU
		{A9FC9BBC-EFD6-4F2D-8A01-E93351FFC7AC}.Debug|Any CPU.Build.0 = Debug|Any CPU
		{A9FC9BBC-EFD6-4F2D-8A01-E93351FFC7AC}.Release|Any CPU.ActiveCfg = Release|Any CPU
		{A9FC9BBC-EFD6-4F2D-8A01-E93351FFC7AC}.Release|Any CPU.Build.0 = Release|Any CPU
	EndGlobalSection
	GlobalSection(SolutionProperties) = preSolution
		HideSolutionNode = FALSE
	EndGlobalSection
	GlobalSection(ExtensibilityGlobals) = postSolution
		SolutionGuid = {BCC4BC19-6FEA-400C-A3CA-DD5BBB4F07D2}
	EndGlobalSection
EndGlobal
