
Microsoft Visual Studio Solution File, Format Version 12.00
# Visual Studio Version 16
VisualStudioVersion = 16.0.29306.81
MinimumVisualStudioVersion = 10.0.40219.1
Project("{9A19103F-16F7-4668-BE54-9A1E7A4F7556}") = "Health3", "Health3.csproj", "{93999E6E-8A9F-49CD-9486-105C8D6586C6}"
EndProject
Global
	GlobalSection(SolutionConfigurationPlatforms) = preSolution
		Debug|Any CPU = Debug|Any CPU
		Release|Any CPU = Release|Any CPU
	EndGlobalSection
	GlobalSection(ProjectConfigurationPlatforms) = postSolution
		{93999E6E-8A9F-49CD-9486-105C8D6586C6}.Debug|Any CPU.ActiveCfg = Debug|Any CPU
		{93999E6E-8A9F-49CD-9486-105C8D6586C6}.Debug|Any CPU.Build.0 = Debug|Any CPU
		{93999E6E-8A9F-49CD-9486-105C8D6586C6}.Release|Any CPU.ActiveCfg = Release|Any CPU
		{93999E6E-8A9F-49CD-9486-105C8D6586C6}.Release|Any CPU.Build.0 = Release|Any CPU
	EndGlobalSection
	GlobalSection(SolutionProperties) = preSolution
		HideSolutionNode = FALSE
	EndGlobalSection
	GlobalSection(ExtensibilityGlobals) = postSolution
		SolutionGuid = {1D7B5428-F3C0-4330-88E9-FF8D87FB7AF7}
	EndGlobalSection
EndGlobal
